
Microsoft Visual Studio Solution File, Format Version 12.00
# Visual Studio Version 16
VisualStudioVersion = 16.0.31005.135
MinimumVisualStudioVersion = 10.0.40219.1
Project("{FAE04EC0-301F-11D3-BF4B-00C04F79EFBC}") = "LabelCreator", "LabelCreator\LabelCreator.csproj", "{D505D10D-C6DF-417E-8B35-8164F459B30E}"
EndProject
Global
	GlobalSection(SolutionConfigurationPlatforms) = preSolution
		Debug|Any CPU = Debug|Any CPU
		Release|Any CPU = Release|Any CPU
	EndGlobalSection
	GlobalSection(ProjectConfigurationPlatforms) = postSolution
		{D505D10D-C6DF-417E-8B35-8164F459B30E}.Debug|Any CPU.ActiveCfg = Debug|Any CPU
		{D505D10D-C6DF-417E-8B35-8164F459B30E}.Debug|Any CPU.Build.0 = Debug|Any CPU
		{D505D10D-C6DF-417E-8B35-8164F459B30E}.Release|Any CPU.ActiveCfg = Release|Any CPU
		{D505D10D-C6DF-417E-8B35-8164F459B30E}.Release|Any CPU.Build.0 = Release|Any CPU
	EndGlobalSection
	GlobalSection(SolutionProperties) = preSolution
		HideSolutionNode = FALSE
	EndGlobalSection
	GlobalSection(ExtensibilityGlobals) = postSolution
		SolutionGuid = {A6CCB31F-467A-4EE6-B7A7-B3767AD6AF0F}
	EndGlobalSection
EndGlobal
